
Microsoft Visual Studio Solution File, Format Version 12.00
# Visual Studio Version 16
VisualStudioVersion = 16.0.30907.101
MinimumVisualStudioVersion = 10.0.40219.1
Project("{FAE04EC0-301F-11D3-BF4B-00C04F79EFBC}") = "HomeLibrary", "HomeLibrary\HomeLibrary.csproj", "{F58071CA-602A-4819-9884-D509966F94D8}"
EndProject
Global
	GlobalSection(SolutionConfigurationPlatforms) = preSolution
		Debug|Any CPU = Debug|Any CPU
		Release|Any CPU = Release|Any CPU
	EndGlobalSection
	GlobalSection(ProjectConfigurationPlatforms) = postSolution
		{F58071CA-602A-4819-9884-D509966F94D8}.Debug|Any CPU.ActiveCfg = Debug|Any CPU
		{F58071CA-602A-4819-9884-D509966F94D8}.Debug|Any CPU.Build.0 = Debug|Any CPU
		{F58071CA-602A-4819-9884-D509966F94D8}.Release|Any CPU.ActiveCfg = Release|Any CPU
		{F58071CA-602A-4819-9884-D509966F94D8}.Release|Any CPU.Build.0 = Release|Any CPU
	EndGlobalSection
	GlobalSection(SolutionProperties) = preSolution
		HideSolutionNode = FALSE
	EndGlobalSection
	GlobalSection(ExtensibilityGlobals) = postSolution
		SolutionGuid = {BF9BE45C-C9A1-426A-9A90-E69753F31338}
	EndGlobalSection
EndGlobal
